// !$*UTF8*$!
{
	archiveVersion = 1;
	classes = {
	};
	objectVersion = 56;
	objects = {

/* Begin PBXBuildFile section */
		D315AD942AA590680023AA5F /* main.cpp in Sources */ = {isa = PBXBuildFile; fileRef = D315AD932AA590680023AA5F /* main.cpp */; };
		D3674C862AC3C976003BFC54 /* ch04_5.cpp in Sources */ = {isa = PBXBuildFile; fileRef = D3674C842AC3C976003BFC54 /* ch04_5.cpp */; };
/* End PBXBuildFile section */

/* Begin PBXCopyFilesBuildPhase section */
		D315AD8E2AA590680023AA5F /* CopyFiles */ = {
			isa = PBXCopyFilesBuildPhase;
			buildActionMask = 2147483647;
			dstPath = /usr/share/man/man1/;
			dstSubfolderSpec = 0;
			files = (
			);
			runOnlyForDeploymentPostprocessing = 1;
		};
/* End PBXCopyFilesBuildPhase section */

/* Begin PBXFileReference section */
		D315AD902AA590680023AA5F /* opencv */ = {isa = PBXFileReference; explicitFileType = "compiled.mach-o.executable"; includeInIndex = 0; path = opencv; sourceTree = BUILT_PRODUCTS_DIR; };
		D315AD932AA590680023AA5F /* main.cpp */ = {isa = PBXFileReference; lastKnownFileType = sourcecode.cpp.cpp; path = main.cpp; sourceTree = "<group>"; };
		D315AD9A2AA590E20023AA5F /* opencv.entitlements */ = {isa = PBXFileReference; lastKnownFileType = text.plist.entitlements; path = opencv.entitlements; sourceTree = "<group>"; };
		D346BEFC2AB15BE500870001 /* ch03_2matop.cpp */ = {isa = PBXFileReference; lastKnownFileType = sourcecode.cpp.cpp; path = ch03_2matop.cpp; sourceTree = "<group>"; };
		D346BEFD2AB15BE500870001 /* ch03_2matop.hpp */ = {isa = PBXFileReference; lastKnownFileType = sourcecode.cpp.h; path = ch03_2matop.hpp; sourceTree = "<group>"; };
		D3674C7B2AC1156A003BFC54 /* ch04_2_ilne.cpp */ = {isa = PBXFileReference; lastKnownFileType = sourcecode.cpp.cpp; path = ch04_2_ilne.cpp; sourceTree = "<group>"; };
		D3674C7E2AC12109003BFC54 /* ch04_3_waitKey.cpp */ = {isa = PBXFileReference; lastKnownFileType = sourcecode.cpp.cpp; path = ch04_3_waitKey.cpp; sourceTree = "<group>"; };
		D3674C7F2AC12109003BFC54 /* ch04_3_waitKey.hpp */ = {isa = PBXFileReference; lastKnownFileType = sourcecode.cpp.h; path = ch04_3_waitKey.hpp; sourceTree = "<group>"; };
		D3674C812AC3C1C5003BFC54 /* ch04_4.cpp */ = {isa = PBXFileReference; lastKnownFileType = sourcecode.cpp.cpp; path = ch04_4.cpp; sourceTree = "<group>"; };
		D3674C822AC3C1C5003BFC54 /* ch04_4.hpp */ = {isa = PBXFileReference; lastKnownFileType = sourcecode.cpp.h; path = ch04_4.hpp; sourceTree = "<group>"; };
		D3674C842AC3C976003BFC54 /* ch04_5.cpp */ = {isa = PBXFileReference; lastKnownFileType = sourcecode.cpp.cpp; path = ch04_5.cpp; sourceTree = "<group>"; };
		D3674C852AC3C976003BFC54 /* ch04_5.hpp */ = {isa = PBXFileReference; lastKnownFileType = sourcecode.cpp.h; path = ch04_5.hpp; sourceTree = "<group>"; };
		D3DA04922ABA990F00F8380D /* ch04_1.cpp */ = {isa = PBXFileReference; lastKnownFileType = sourcecode.cpp.cpp; path = ch04_1.cpp; sourceTree = "<group>"; };
		D3DA04932ABA990F00F8380D /* ch04_1.hpp */ = {isa = PBXFileReference; lastKnownFileType = sourcecode.cpp.h; path = ch04_1.hpp; sourceTree = "<group>"; };
		D3F217652AAEA0A400B119B8 /* lena.bmp */ = {isa = PBXFileReference; lastKnownFileType = image.bmp; path = lena.bmp; sourceTree = "<group>"; };
		D3F217672AAEA7CA00B119B8 /* ch03_1.cpp */ = {isa = PBXFileReference; lastKnownFileType = sourcecode.cpp.cpp; path = ch03_1.cpp; sourceTree = "<group>"; };
		D3F217682AAEA7CA00B119B8 /* ch03_1.hpp */ = {isa = PBXFileReference; lastKnownFileType = sourcecode.cpp.h; path = ch03_1.hpp; sourceTree = "<group>"; };
/* End PBXFileReference section */

/* Begin PBXFrameworksBuildPhase section */
		D315AD8D2AA590680023AA5F /* Frameworks */ = {
			isa = PBXFrameworksBuildPhase;
			buildActionMask = 2147483647;
			files = (
			);
			runOnlyForDeploymentPostprocessing = 0;
		};
/* End PBXFrameworksBuildPhase section */

/* Begin PBXGroup section */
		D315AD872AA590680023AA5F = {
			isa = PBXGroup;
			children = (
				D3674C7A2AC1153C003BFC54 /* ch05 */,
				D3DA04912ABA98F300F8380D /* ch04 */,
				D3F217662AAEA79900B119B8 /* ch03 */,
				D315AD922AA590680023AA5F /* opencv */,
				D315AD912AA590680023AA5F /* Products */,
			);
			sourceTree = "<group>";
		};
		D315AD912AA590680023AA5F /* Products */ = {
			isa = PBXGroup;
			children = (
				D315AD902AA590680023AA5F /* opencv */,
			);
			name = Products;
			sourceTree = "<group>";
		};
		D315AD922AA590680023AA5F /* opencv */ = {
			isa = PBXGroup;
			children = (
				D3F217652AAEA0A400B119B8 /* lena.bmp */,
				D315AD9A2AA590E20023AA5F /* opencv.entitlements */,
				D315AD932AA590680023AA5F /* main.cpp */,
			);
			path = opencv;
			sourceTree = "<group>";
		};
		D3674C7A2AC1153C003BFC54 /* ch05 */ = {
			isa = PBXGroup;
			children = (
			);
			path = ch05;
			sourceTree = "<group>";
		};
		D3DA04912ABA98F300F8380D /* ch04 */ = {
			isa = PBXGroup;
			children = (
				D3674C7B2AC1156A003BFC54 /* ch04_2_ilne.cpp */,
				D3DA04922ABA990F00F8380D /* ch04_1.cpp */,
				D3DA04932ABA990F00F8380D /* ch04_1.hpp */,
				D3674C7E2AC12109003BFC54 /* ch04_3_waitKey.cpp */,
				D3674C7F2AC12109003BFC54 /* ch04_3_waitKey.hpp */,
				D3674C812AC3C1C5003BFC54 /* ch04_4.cpp */,
				D3674C822AC3C1C5003BFC54 /* ch04_4.hpp */,
				D3674C842AC3C976003BFC54 /* ch04_5.cpp */,
				D3674C852AC3C976003BFC54 /* ch04_5.hpp */,
			);
			path = ch04;
			sourceTree = "<group>";
		};
		D3F217662AAEA79900B119B8 /* ch03 */ = {
			isa = PBXGroup;
			children = (
				D3F217672AAEA7CA00B119B8 /* ch03_1.cpp */,
				D3F217682AAEA7CA00B119B8 /* ch03_1.hpp */,
				D346BEFC2AB15BE500870001 /* ch03_2matop.cpp */,
				D346BEFD2AB15BE500870001 /* ch03_2matop.hpp */,
			);
			path = ch03;
			sourceTree = "<group>";
		};
/* End PBXGroup section */

/* Begin PBXNativeTarget section */
		D315AD8F2AA590680023AA5F /* opencv */ = {
			isa = PBXNativeTarget;
			buildConfigurationList = D315AD972AA590680023AA5F /* Build configuration list for PBXNativeTarget "opencv" */;
			buildPhases = (
				D315AD8C2AA590680023AA5F /* Sources */,
				D315AD8D2AA590680023AA5F /* Frameworks */,
				D315AD8E2AA590680023AA5F /* CopyFiles */,
			);
			buildRules = (
			);
			dependencies = (
			);
			name = opencv;
			productName = opencv;
			productReference = D315AD902AA590680023AA5F /* opencv */;
			productType = "com.apple.product-type.tool";
		};
/* End PBXNativeTarget section */

/* Begin PBXProject section */
		D315AD882AA590680023AA5F /* Project object */ = {
			isa = PBXProject;
			attributes = {
				BuildIndependentTargetsInParallel = 1;
				LastUpgradeCheck = 1430;
				TargetAttributes = {
					D315AD8F2AA590680023AA5F = {
						CreatedOnToolsVersion = 14.3.1;
					};
				};
			};
			buildConfigurationList = D315AD8B2AA590680023AA5F /* Build configuration list for PBXProject "opencv" */;
			compatibilityVersion = "Xcode 14.0";
			developmentRegion = en;
			hasScannedForEncodings = 0;
			knownRegions = (
				en,
				Base,
			);
			mainGroup = D315AD872AA590680023AA5F;
			productRefGroup = D315AD912AA590680023AA5F /* Products */;
			projectDirPath = "";
			projectRoot = "";
			targets = (
				D315AD8F2AA590680023AA5F /* opencv */,
			);
		};
/* End PBXProject section */

/* Begin PBXSourcesBuildPhase section */
		D315AD8C2AA590680023AA5F /* Sources */ = {
			isa = PBXSourcesBuildPhase;
			buildActionMask = 2147483647;
			files = (
				D315AD942AA590680023AA5F /* main.cpp in Sources */,
				D3674C862AC3C976003BFC54 /* ch04_5.cpp in Sources */,
			);
			runOnlyForDeploymentPostprocessing = 0;
		};
/* End PBXSourcesBuildPhase section */

/* Begin XCBuildConfiguration section */
		D315AD952AA590680023AA5F /* Debug */ = {
			isa = XCBuildConfiguration;
			buildSettings = {
				ALWAYS_SEARCH_USER_PATHS = NO;
				CLANG_ANALYZER_NONNULL = YES;
				CLANG_ANALYZER_NUMBER_OBJECT_CONVERSION = YES_AGGRESSIVE;
				CLANG_CXX_LANGUAGE_STANDARD = "gnu++20";
				CLANG_ENABLE_MODULES = YES;
				CLANG_ENABLE_OBJC_ARC = YES;
				CLANG_ENABLE_OBJC_WEAK = YES;
				CLANG_WARN_BLOCK_CAPTURE_AUTORELEASING = YES;
				CLANG_WARN_BOOL_CONVERSION = YES;
				CLANG_WARN_COMMA = YES;
				CLANG_WARN_CONSTANT_CONVERSION = YES;
				CLANG_WARN_DEPRECATED_OBJC_IMPLEMENTATIONS = YES;
				CLANG_WARN_DIRECT_OBJC_ISA_USAGE = YES_ERROR;
				CLANG_WARN_DOCUMENTATION_COMMENTS = YES;
				CLANG_WARN_EMPTY_BODY = YES;
				CLANG_WARN_ENUM_CONVERSION = YES;
				CLANG_WARN_INFINITE_RECURSION = YES;
				CLANG_WARN_INT_CONVERSION = YES;
				CLANG_WARN_NON_LITERAL_NULL_CONVERSION = YES;
				CLANG_WARN_OBJC_IMPLICIT_RETAIN_SELF = YES;
				CLANG_WARN_OBJC_LITERAL_CONVERSION = YES;
				CLANG_WARN_OBJC_ROOT_CLASS = YES_ERROR;
				CLANG_WARN_QUOTED_INCLUDE_IN_FRAMEWORK_HEADER = YES;
				CLANG_WARN_RANGE_LOOP_ANALYSIS = YES;
				CLANG_WARN_STRICT_PROTOTYPES = YES;
				CLANG_WARN_SUSPICIOUS_MOVE = YES;
				CLANG_WARN_UNGUARDED_AVAILABILITY = YES_AGGRESSIVE;
				CLANG_WARN_UNREACHABLE_CODE = YES;
				CLANG_WARN__DUPLICATE_METHOD_MATCH = YES;
				COPY_PHASE_STRIP = NO;
				DEBUG_INFORMATION_FORMAT = dwarf;
				ENABLE_STRICT_OBJC_MSGSEND = YES;
				ENABLE_TESTABILITY = YES;
				GCC_C_LANGUAGE_STANDARD = gnu11;
				GCC_DYNAMIC_NO_PIC = NO;
				GCC_NO_COMMON_BLOCKS = YES;
				GCC_OPTIMIZATION_LEVEL = 0;
				GCC_PREPROCESSOR_DEFINITIONS = (
					"DEBUG=1",
					"$(inherited)",
				);
				GCC_WARN_64_TO_32_BIT_CONVERSION = YES;
				GCC_WARN_ABOUT_RETURN_TYPE = YES_ERROR;
				GCC_WARN_UNDECLARED_SELECTOR = YES;
				GCC_WARN_UNINITIALIZED_AUTOS = YES_AGGRESSIVE;
				GCC_WARN_UNUSED_FUNCTION = YES;
				GCC_WARN_UNUSED_VARIABLE = YES;
				MACOSX_DEPLOYMENT_TARGET = 13.3;
				MTL_ENABLE_DEBUG_INFO = INCLUDE_SOURCE;
				MTL_FAST_MATH = YES;
				ONLY_ACTIVE_ARCH = YES;
				SDKROOT = macosx;
			};
			name = Debug;
		};
		D315AD962AA590680023AA5F /* Release */ = {
			isa = XCBuildConfiguration;
			buildSettings = {
				ALWAYS_SEARCH_USER_PATHS = NO;
				CLANG_ANALYZER_NONNULL = YES;
				CLANG_ANALYZER_NUMBER_OBJECT_CONVERSION = YES_AGGRESSIVE;
				CLANG_CXX_LANGUAGE_STANDARD = "gnu++20";
				CLANG_ENABLE_MODULES = YES;
				CLANG_ENABLE_OBJC_ARC = YES;
				CLANG_ENABLE_OBJC_WEAK = YES;
				CLANG_WARN_BLOCK_CAPTURE_AUTORELEASING = YES;
				CLANG_WARN_BOOL_CONVERSION = YES;
				CLANG_WARN_COMMA = YES;
				CLANG_WARN_CONSTANT_CONVERSION = YES;
				CLANG_WARN_DEPRECATED_OBJC_IMPLEMENTATIONS = YES;
				CLANG_WARN_DIRECT_OBJC_ISA_USAGE = YES_ERROR;
				CLANG_WARN_DOCUMENTATION_COMMENTS = YES;
				CLANG_WARN_EMPTY_BODY = YES;
				CLANG_WARN_ENUM_CONVERSION = YES;
				CLANG_WARN_INFINITE_RECURSION = YES;
				CLANG_WARN_INT_CONVERSION = YES;
				CLANG_WARN_NON_LITERAL_NULL_CONVERSION = YES;
				CLANG_WARN_OBJC_IMPLICIT_RETAIN_SELF = YES;
				CLANG_WARN_OBJC_LITERAL_CONVERSION = YES;
				CLANG_WARN_OBJC_ROOT_CLASS = YES_ERROR;
				CLANG_WARN_QUOTED_INCLUDE_IN_FRAMEWORK_HEADER = YES;
				CLANG_WARN_RANGE_LOOP_ANALYSIS = YES;
				CLANG_WARN_STRICT_PROTOTYPES = YES;
				CLANG_WARN_SUSPICIOUS_MOVE = YES;
				CLANG_WARN_UNGUARDED_AVAILABILITY = YES_AGGRESSIVE;
				CLANG_WARN_UNREACHABLE_CODE = YES;
				CLANG_WARN__DUPLICATE_METHOD_MATCH = YES;
				COPY_PHASE_STRIP = NO;
				DEBUG_INFORMATION_FORMAT = "dwarf-with-dsym";
				ENABLE_NS_ASSERTIONS = NO;
				ENABLE_STRICT_OBJC_MSGSEND = YES;
				GCC_C_LANGUAGE_STANDARD = gnu11;
				GCC_NO_COMMON_BLOCKS = YES;
				GCC_WARN_64_TO_32_BIT_CONVERSION = YES;
				GCC_WARN_ABOUT_RETURN_TYPE = YES_ERROR;
				GCC_WARN_UNDECLARED_SELECTOR = YES;
				GCC_WARN_UNINITIALIZED_AUTOS = YES_AGGRESSIVE;
				GCC_WARN_UNUSED_FUNCTION = YES;
				GCC_WARN_UNUSED_VARIABLE = YES;
				MACOSX_DEPLOYMENT_TARGET = 13.3;
				MTL_ENABLE_DEBUG_INFO = NO;
				MTL_FAST_MATH = YES;
				SDKROOT = macosx;
			};
			name = Release;
		};
		D315AD982AA590680023AA5F /* Debug */ = {
			isa = XCBuildConfiguration;
			buildSettings = {
				CODE_SIGN_ENTITLEMENTS = opencv/opencv.entitlements;
				CODE_SIGN_STYLE = Automatic;
				ENABLE_HARDENED_RUNTIME = YES;
				HEADER_SEARCH_PATHS = /opt/homebrew/Cellar/opencv/4.8.0_4/include/opencv4;
				LIBRARY_SEARCH_PATHS = /opt/homebrew/Cellar/opencv/4.8.0_4/lib;
				OTHER_LDFLAGS = (
					"-I/opt/homebrew/opt/opencv/include/opencv4",
					"-L/opt/homebrew/opt/opencv/lib",
					"-lopencv_gapi",
					"-lopencv_stitching",
					"-lopencv_alphamat",
					"-lopencv_aruco",
					"-lopencv_bgsegm",
					"-lopencv_bioinspired",
					"-lopencv_ccalib",
					"-lopencv_dnn_objdetect",
					"-lopencv_dnn_superres",
					"-lopencv_dpm",
					"-lopencv_face",
					"-lopencv_freetype",
					"-lopencv_fuzzy",
					"-lopencv_hfs",
					"-lopencv_img_hash",
					"-lopencv_intensity_transform",
					"-lopencv_line_descriptor",
					"-lopencv_mcc",
					"-lopencv_quality",
					"-lopencv_rapid",
					"-lopencv_reg",
					"-lopencv_rgbd",
					"-lopencv_saliency",
					"-lopencv_sfm",
					"-lopencv_stereo",
					"-lopencv_structured_light",
					"-lopencv_phase_unwrapping",
					"-lopencv_superres",
					"-lopencv_optflow",
					"-lopencv_surface_matching",
					"-lopencv_tracking",
					"-lopencv_highgui",
					"-lopencv_datasets",
					"-lopencv_text",
					"-lopencv_plot",
					"-lopencv_videostab",
					"-lopencv_videoio",
					"-lopencv_viz",
					"-lopencv_wechat_qrcode",
					"-lopencv_xfeatures2d",
					"-lopencv_shape",
					"-lopencv_ml",
					"-lopencv_ximgproc",
					"-lopencv_video",
					"-lopencv_xobjdetect",
					"-lopencv_objdetect",
					"-lopencv_calib3d",
					"-lopencv_imgcodecs",
					"-lopencv_features2d",
					"-lopencv_dnn",
					"-lopencv_flann",
					"-lopencv_xphoto",
					"-lopencv_photo",
					"-lopencv_imgproc",
					"-lopencv_core",
				);
				PRODUCT_NAME = "$(TARGET_NAME)";
			};
			name = Debug;
		};
		D315AD992AA590680023AA5F /* Release */ = {
			isa = XCBuildConfiguration;
			buildSettings = {
				CODE_SIGN_ENTITLEMENTS = opencv/opencv.entitlements;
				CODE_SIGN_STYLE = Automatic;
				ENABLE_HARDENED_RUNTIME = YES;
				HEADER_SEARCH_PATHS = /opt/homebrew/Cellar/opencv/4.8.0_4/include/opencv4;
				LIBRARY_SEARCH_PATHS = /opt/homebrew/Cellar/opencv/4.8.0_4/lib;
				OTHER_LDFLAGS = (
					"-I/opt/homebrew/opt/opencv/include/opencv4",
					"-L/opt/homebrew/opt/opencv/lib",
					"-lopencv_gapi",
					"-lopencv_stitching",
					"-lopencv_alphamat",
					"-lopencv_aruco",
					"-lopencv_bgsegm",
					"-lopencv_bioinspired",
					"-lopencv_ccalib",
					"-lopencv_dnn_objdetect",
					"-lopencv_dnn_superres",
					"-lopencv_dpm",
					"-lopencv_face",
					"-lopencv_freetype",
					"-lopencv_fuzzy",
					"-lopencv_hfs",
					"-lopencv_img_hash",
					"-lopencv_intensity_transform",
					"-lopencv_line_descriptor",
					"-lopencv_mcc",
					"-lopencv_quality",
					"-lopencv_rapid",
					"-lopencv_reg",
					"-lopencv_rgbd",
					"-lopencv_saliency",
					"-lopencv_sfm",
					"-lopencv_stereo",
					"-lopencv_structured_light",
					"-lopencv_phase_unwrapping",
					"-lopencv_superres",
					"-lopencv_optflow",
					"-lopencv_surface_matching",
					"-lopencv_tracking",
					"-lopencv_highgui",
					"-lopencv_datasets",
					"-lopencv_text",
					"-lopencv_plot",
					"-lopencv_videostab",
					"-lopencv_videoio",
					"-lopencv_viz",
					"-lopencv_wechat_qrcode",
					"-lopencv_xfeatures2d",
					"-lopencv_shape",
					"-lopencv_ml",
					"-lopencv_ximgproc",
					"-lopencv_video",
					"-lopencv_xobjdetect",
					"-lopencv_objdetect",
					"-lopencv_calib3d",
					"-lopencv_imgcodecs",
					"-lopencv_features2d",
					"-lopencv_dnn",
					"-lopencv_flann",
					"-lopencv_xphoto",
					"-lopencv_photo",
					"-lopencv_imgproc",
					"-lopencv_core",
				);
				PRODUCT_NAME = "$(TARGET_NAME)";
			};
			name = Release;
		};
/* End XCBuildConfiguration section */

/* Begin XCConfigurationList section */
		D315AD8B2AA590680023AA5F /* Build configuration list for PBXProject "opencv" */ = {
			isa = XCConfigurationList;
			buildConfigurations = (
				D315AD952AA590680023AA5F /* Debug */,
				D315AD962AA590680023AA5F /* Release */,
			);
			defaultConfigurationIsVisible = 0;
			defaultConfigurationName = Release;
		};
		D315AD972AA590680023AA5F /* Build configuration list for PBXNativeTarget "opencv" */ = {
			isa = XCConfigurationList;
			buildConfigurations = (
				D315AD982AA590680023AA5F /* Debug */,
				D315AD992AA590680023AA5F /* Release */,
			);
			defaultConfigurationIsVisible = 0;
			defaultConfigurationName = Release;
		};
/* End XCConfigurationList section */
	};
	rootObject = D315AD882AA590680023AA5F /* Project object */;
}
